
Microsoft Visual Studio Solution File, Format Version 12.00
# Visual Studio Version 16
VisualStudioVersion = 16.0.32630.194
MinimumVisualStudioVersion = 10.0.40219.1
Project("{FAE04EC0-301F-11D3-BF4B-00C04F79EFBC}") = "PitArqUtils", "PitArqUtils\PitArqUtils.csproj", "{002E0C9F-A2C5-4C1C-8B24-7C1A09876E0C}"
EndProject
Global
	GlobalSection(SolutionConfigurationPlatforms) = preSolution
		Debug|Any CPU = Debug|Any CPU
		Release|Any CPU = Release|Any CPU
	EndGlobalSection
	GlobalSection(ProjectConfigurationPlatforms) = postSolution
		{002E0C9F-A2C5-4C1C-8B24-7C1A09876E0C}.Debug|Any CPU.ActiveCfg = Debug|Any CPU
		{002E0C9F-A2C5-4C1C-8B24-7C1A09876E0C}.Debug|Any CPU.Build.0 = Debug|Any CPU
		{002E0C9F-A2C5-4C1C-8B24-7C1A09876E0C}.Release|Any CPU.ActiveCfg = Release|Any CPU
		{002E0C9F-A2C5-4C1C-8B24-7C1A09876E0C}.Release|Any CPU.Build.0 = Release|Any CPU
	EndGlobalSection
	GlobalSection(SolutionProperties) = preSolution
		HideSolutionNode = FALSE
	EndGlobalSection
	GlobalSection(ExtensibilityGlobals) = postSolution
		SolutionGuid = {E1789123-1979-4A96-9B9A-3F517D719FB3}
	EndGlobalSection
EndGlobal
